
Microsoft Visual Studio Solution File, Format Version 12.00
# Visual Studio 15
VisualStudioVersion = 15.0.26730.15
MinimumVisualStudioVersion = 10.0.40219.1
Project("{FAE04EC0-301F-11D3-BF4B-00C04F79EFBC}") = "WebApp", "WebApp\WebApp.csproj", "{652A03FA-23B3-4FAD-847A-0C2F089A7B43}"
EndProject
Global
	GlobalSection(SolutionConfigurationPlatforms) = preSolution
		Debug|Any CPU = Debug|Any CPU
		Release|Any CPU = Release|Any CPU
	EndGlobalSection
	GlobalSection(ProjectConfigurationPlatforms) = postSolution
		{652A03FA-23B3-4FAD-847A-0C2F089A7B43}.Debug|Any CPU.ActiveCfg = Debug|Any CPU
		{652A03FA-23B3-4FAD-847A-0C2F089A7B43}.Debug|Any CPU.Build.0 = Debug|Any CPU
		{652A03FA-23B3-4FAD-847A-0C2F089A7B43}.Release|Any CPU.ActiveCfg = Release|Any CPU
		{652A03FA-23B3-4FAD-847A-0C2F089A7B43}.Release|Any CPU.Build.0 = Release|Any CPU
	EndGlobalSection
	GlobalSection(SolutionProperties) = preSolution
		HideSolutionNode = FALSE
	EndGlobalSection
	GlobalSection(ExtensibilityGlobals) = postSolution
		SolutionGuid = {26DFE5CB-F636-43F4-BD5B-07FEDCF90F07}
	EndGlobalSection
EndGlobal
